
Microsoft Visual Studio Solution File, Format Version 12.00
# Visual Studio Version 17
VisualStudioVersion = 17.4.33110.190
MinimumVisualStudioVersion = 10.0.40219.1
Project("{8BC9CEB8-8B4A-11D0-8D11-00A0C91BC942}") = "CustomDataStructures", "CustomDataStructures\CustomDataStructures.vcxproj", "{5A322A12-0B40-4A17-B8C1-9F58D012F289}"
EndProject
Project("{8BC9CEB8-8B4A-11D0-8D11-00A0C91BC942}") = "Vector", "Vector\Vector.vcxproj", "{3571BC81-7C2F-4BAC-B8C4-9939266CACC9}"
EndProject
Project("{8BC9CEB8-8B4A-11D0-8D11-00A0C91BC942}") = "Task3", "Task3\Task3.vcxproj", "{1A515239-C894-485C-85CA-BC65A676109D}"
EndProject
Project("{8BC9CEB8-8B4A-11D0-8D11-00A0C91BC942}") = "Pointers", "Pointers\Pointers.vcxproj", "{39068FF9-E39F-488E-9E3D-E898F58238E7}"
EndProject
Project("{8BC9CEB8-8B4A-11D0-8D11-00A0C91BC942}") = "String", "String\String.vcxproj", "{30FE5E7B-199F-4A21-AA88-EB5A908536E4}"
EndProject
Project("{8BC9CEB8-8B4A-11D0-8D11-00A0C91BC942}") = "CPPParser", "CPPParser\CPPParser.vcxproj", "{5F034105-E9E4-45A7-9273-7367518CA567}"
EndProject
Project("{8BC9CEB8-8B4A-11D0-8D11-00A0C91BC942}") = "Deque", "Deque\Deque.vcxproj", "{3AE7F630-9027-43D8-A168-2D95CC5142A5}"
EndProject
Project("{8BC9CEB8-8B4A-11D0-8D11-00A0C91BC942}") = "BinarySearchTree", "BinarySearchTree\BinarySearchTree.vcxproj", "{069CE2BF-3D28-4864-A451-965AC40A0295}"
EndProject
Project("{8BC9CEB8-8B4A-11D0-8D11-00A0C91BC942}") = "HashTable", "HashTable\HashTable.vcxproj", "{51AF3AB3-954B-4285-BF9F-F96E28CB8BD4}"
EndProject
Project("{8BC9CEB8-8B4A-11D0-8D11-00A0C91BC942}") = "StackHashTable", "StackHashTable\StackHashTable.vcxproj", "{DCC0CE01-6108-46E2-A7CB-E63064C66999}"
EndProject
Project("{8BC9CEB8-8B4A-11D0-8D11-00A0C91BC942}") = "BinaryHeap", "Binary_heap\Binary_heap.vcxproj", "{21A860FB-5815-42CD-8DB0-3451897A0222}"
EndProject
Project("{8BC9CEB8-8B4A-11D0-8D11-00A0C91BC942}") = "TreeMap", "TreeMap\TreeMap.vcxproj", "{7251401E-B1E3-4415-A217-5AF91D3FCA65}"
EndProject
Global
	GlobalSection(SolutionConfigurationPlatforms) = preSolution
		Debug|x64 = Debug|x64
		Debug|x86 = Debug|x86
		Release|x64 = Release|x64
		Release|x86 = Release|x86
	EndGlobalSection
	GlobalSection(ProjectConfigurationPlatforms) = postSolution
		{5A322A12-0B40-4A17-B8C1-9F58D012F289}.Debug|x64.ActiveCfg = Debug|x64
		{5A322A12-0B40-4A17-B8C1-9F58D012F289}.Debug|x64.Build.0 = Debug|x64
		{5A322A12-0B40-4A17-B8C1-9F58D012F289}.Debug|x86.ActiveCfg = Debug|Win32
		{5A322A12-0B40-4A17-B8C1-9F58D012F289}.Debug|x86.Build.0 = Debug|Win32
		{5A322A12-0B40-4A17-B8C1-9F58D012F289}.Release|x64.ActiveCfg = Release|x64
		{5A322A12-0B40-4A17-B8C1-9F58D012F289}.Release|x64.Build.0 = Release|x64
		{5A322A12-0B40-4A17-B8C1-9F58D012F289}.Release|x86.ActiveCfg = Release|Win32
		{5A322A12-0B40-4A17-B8C1-9F58D012F289}.Release|x86.Build.0 = Release|Win32
		{3571BC81-7C2F-4BAC-B8C4-9939266CACC9}.Debug|x64.ActiveCfg = Debug|x64
		{3571BC81-7C2F-4BAC-B8C4-9939266CACC9}.Debug|x64.Build.0 = Debug|x64
		{3571BC81-7C2F-4BAC-B8C4-9939266CACC9}.Debug|x86.ActiveCfg = Debug|Win32
		{3571BC81-7C2F-4BAC-B8C4-9939266CACC9}.Debug|x86.Build.0 = Debug|Win32
		{3571BC81-7C2F-4BAC-B8C4-9939266CACC9}.Release|x64.ActiveCfg = Release|x64
		{3571BC81-7C2F-4BAC-B8C4-9939266CACC9}.Release|x64.Build.0 = Release|x64
		{3571BC81-7C2F-4BAC-B8C4-9939266CACC9}.Release|x86.ActiveCfg = Release|Win32
		{3571BC81-7C2F-4BAC-B8C4-9939266CACC9}.Release|x86.Build.0 = Release|Win32
		{1A515239-C894-485C-85CA-BC65A676109D}.Debug|x64.ActiveCfg = Debug|x64
		{1A515239-C894-485C-85CA-BC65A676109D}.Debug|x64.Build.0 = Debug|x64
		{1A515239-C894-485C-85CA-BC65A676109D}.Debug|x86.ActiveCfg = Debug|Win32
		{1A515239-C894-485C-85CA-BC65A676109D}.Debug|x86.Build.0 = Debug|Win32
		{1A515239-C894-485C-85CA-BC65A676109D}.Release|x64.ActiveCfg = Release|x64
		{1A515239-C894-485C-85CA-BC65A676109D}.Release|x64.Build.0 = Release|x64
		{1A515239-C894-485C-85CA-BC65A676109D}.Release|x86.ActiveCfg = Release|Win32
		{1A515239-C894-485C-85CA-BC65A676109D}.Release|x86.Build.0 = Release|Win32
		{39068FF9-E39F-488E-9E3D-E898F58238E7}.Debug|x64.ActiveCfg = Debug|x64
		{39068FF9-E39F-488E-9E3D-E898F58238E7}.Debug|x64.Build.0 = Debug|x64
		{39068FF9-E39F-488E-9E3D-E898F58238E7}.Debug|x86.ActiveCfg = Debug|Win32
		{39068FF9-E39F-488E-9E3D-E898F58238E7}.Debug|x86.Build.0 = Debug|Win32
		{39068FF9-E39F-488E-9E3D-E898F58238E7}.Release|x64.ActiveCfg = Release|x64
		{39068FF9-E39F-488E-9E3D-E898F58238E7}.Release|x64.Build.0 = Release|x64
		{39068FF9-E39F-488E-9E3D-E898F58238E7}.Release|x86.ActiveCfg = Release|Win32
		{39068FF9-E39F-488E-9E3D-E898F58238E7}.Release|x86.Build.0 = Release|Win32
		{30FE5E7B-199F-4A21-AA88-EB5A908536E4}.Debug|x64.ActiveCfg = Debug|x64
		{30FE5E7B-199F-4A21-AA88-EB5A908536E4}.Debug|x64.Build.0 = Debug|x64
		{30FE5E7B-199F-4A21-AA88-EB5A908536E4}.Debug|x86.ActiveCfg = Debug|Win32
		{30FE5E7B-199F-4A21-AA88-EB5A908536E4}.Debug|x86.Build.0 = Debug|Win32
		{30FE5E7B-199F-4A21-AA88-EB5A908536E4}.Release|x64.ActiveCfg = Release|x64
		{30FE5E7B-199F-4A21-AA88-EB5A908536E4}.Release|x64.Build.0 = Release|x64
		{30FE5E7B-199F-4A21-AA88-EB5A908536E4}.Release|x86.ActiveCfg = Release|Win32
		{30FE5E7B-199F-4A21-AA88-EB5A908536E4}.Release|x86.Build.0 = Release|Win32
		{5F034105-E9E4-45A7-9273-7367518CA567}.Debug|x64.ActiveCfg = Debug|x64
		{5F034105-E9E4-45A7-9273-7367518CA567}.Debug|x64.Build.0 = Debug|x64
		{5F034105-E9E4-45A7-9273-7367518CA567}.Debug|x86.ActiveCfg = Debug|Win32
		{5F034105-E9E4-45A7-9273-7367518CA567}.Debug|x86.Build.0 = Debug|Win32
		{5F034105-E9E4-45A7-9273-7367518CA567}.Release|x64.ActiveCfg = Release|x64
		{5F034105-E9E4-45A7-9273-7367518CA567}.Release|x64.Build.0 = Release|x64
		{5F034105-E9E4-45A7-9273-7367518CA567}.Release|x86.ActiveCfg = Release|Win32
		{5F034105-E9E4-45A7-9273-7367518CA567}.Release|x86.Build.0 = Release|Win32
		{3AE7F630-9027-43D8-A168-2D95CC5142A5}.Debug|x64.ActiveCfg = Debug|x64
		{3AE7F630-9027-43D8-A168-2D95CC5142A5}.Debug|x64.Build.0 = Debug|x64
		{3AE7F630-9027-43D8-A168-2D95CC5142A5}.Debug|x86.ActiveCfg = Debug|Win32
		{3AE7F630-9027-43D8-A168-2D95CC5142A5}.Debug|x86.Build.0 = Debug|Win32
		{3AE7F630-9027-43D8-A168-2D95CC5142A5}.Release|x64.ActiveCfg = Release|x64
		{3AE7F630-9027-43D8-A168-2D95CC5142A5}.Release|x64.Build.0 = Release|x64
		{3AE7F630-9027-43D8-A168-2D95CC5142A5}.Release|x86.ActiveCfg = Release|Win32
		{3AE7F630-9027-43D8-A168-2D95CC5142A5}.Release|x86.Build.0 = Release|Win32
		{069CE2BF-3D28-4864-A451-965AC40A0295}.Debug|x64.ActiveCfg = Debug|x64
		{069CE2BF-3D28-4864-A451-965AC40A0295}.Debug|x64.Build.0 = Debug|x64
		{069CE2BF-3D28-4864-A451-965AC40A0295}.Debug|x86.ActiveCfg = Debug|Win32
		{069CE2BF-3D28-4864-A451-965AC40A0295}.Debug|x86.Build.0 = Debug|Win32
		{069CE2BF-3D28-4864-A451-965AC40A0295}.Release|x64.ActiveCfg = Release|x64
		{069CE2BF-3D28-4864-A451-965AC40A0295}.Release|x64.Build.0 = Release|x64
		{069CE2BF-3D28-4864-A451-965AC40A0295}.Release|x86.ActiveCfg = Release|Win32
		{069CE2BF-3D28-4864-A451-965AC40A0295}.Release|x86.Build.0 = Release|Win32
		{51AF3AB3-954B-4285-BF9F-F96E28CB8BD4}.Debug|x64.ActiveCfg = Debug|x64
		{51AF3AB3-954B-4285-BF9F-F96E28CB8BD4}.Debug|x64.Build.0 = Debug|x64
		{51AF3AB3-954B-4285-BF9F-F96E28CB8BD4}.Debug|x86.ActiveCfg = Debug|Win32
		{51AF3AB3-954B-4285-BF9F-F96E28CB8BD4}.Debug|x86.Build.0 = Debug|Win32
		{51AF3AB3-954B-4285-BF9F-F96E28CB8BD4}.Release|x64.ActiveCfg = Release|x64
		{51AF3AB3-954B-4285-BF9F-F96E28CB8BD4}.Release|x64.Build.0 = Release|x64
		{51AF3AB3-954B-4285-BF9F-F96E28CB8BD4}.Release|x86.ActiveCfg = Release|Win32
		{51AF3AB3-954B-4285-BF9F-F96E28CB8BD4}.Release|x86.Build.0 = Release|Win32
		{DCC0CE01-6108-46E2-A7CB-E63064C66999}.Debug|x64.ActiveCfg = Debug|x64
		{DCC0CE01-6108-46E2-A7CB-E63064C66999}.Debug|x64.Build.0 = Debug|x64
		{DCC0CE01-6108-46E2-A7CB-E63064C66999}.Debug|x86.ActiveCfg = Debug|Win32
		{DCC0CE01-6108-46E2-A7CB-E63064C66999}.Debug|x86.Build.0 = Debug|Win32
		{DCC0CE01-6108-46E2-A7CB-E63064C66999}.Release|x64.ActiveCfg = Release|x64
		{DCC0CE01-6108-46E2-A7CB-E63064C66999}.Release|x64.Build.0 = Release|x64
		{DCC0CE01-6108-46E2-A7CB-E63064C66999}.Release|x86.ActiveCfg = Release|Win32
		{DCC0CE01-6108-46E2-A7CB-E63064C66999}.Release|x86.Build.0 = Release|Win32
		{21A860FB-5815-42CD-8DB0-3451897A0222}.Debug|x64.ActiveCfg = Debug|x64
		{21A860FB-5815-42CD-8DB0-3451897A0222}.Debug|x64.Build.0 = Debug|x64
		{21A860FB-5815-42CD-8DB0-3451897A0222}.Debug|x86.ActiveCfg = Debug|Win32
		{21A860FB-5815-42CD-8DB0-3451897A0222}.Debug|x86.Build.0 = Debug|Win32
		{21A860FB-5815-42CD-8DB0-3451897A0222}.Release|x64.ActiveCfg = Release|x64
		{21A860FB-5815-42CD-8DB0-3451897A0222}.Release|x64.Build.0 = Release|x64
		{21A860FB-5815-42CD-8DB0-3451897A0222}.Release|x86.ActiveCfg = Release|Win32
		{21A860FB-5815-42CD-8DB0-3451897A0222}.Release|x86.Build.0 = Release|Win32
		{7251401E-B1E3-4415-A217-5AF91D3FCA65}.Debug|x64.ActiveCfg = Debug|x64
		{7251401E-B1E3-4415-A217-5AF91D3FCA65}.Debug|x64.Build.0 = Debug|x64
		{7251401E-B1E3-4415-A217-5AF91D3FCA65}.Debug|x86.ActiveCfg = Debug|Win32
		{7251401E-B1E3-4415-A217-5AF91D3FCA65}.Debug|x86.Build.0 = Debug|Win32
		{7251401E-B1E3-4415-A217-5AF91D3FCA65}.Release|x64.ActiveCfg = Release|x64
		{7251401E-B1E3-4415-A217-5AF91D3FCA65}.Release|x64.Build.0 = Release|x64
		{7251401E-B1E3-4415-A217-5AF91D3FCA65}.Release|x86.ActiveCfg = Release|Win32
		{7251401E-B1E3-4415-A217-5AF91D3FCA65}.Release|x86.Build.0 = Release|Win32
	EndGlobalSection
	GlobalSection(SolutionProperties) = preSolution
		HideSolutionNode = FALSE
	EndGlobalSection
	GlobalSection(ExtensibilityGlobals) = postSolution
		SolutionGuid = {46143061-81DB-4DDD-9B82-A33D04C60142}
	EndGlobalSection
EndGlobal
