
Microsoft Visual Studio Solution File, Format Version 12.00
# Visual Studio Version 17
VisualStudioVersion = 17.4.33110.190
MinimumVisualStudioVersion = 10.0.40219.1
Project("{8BC9CEB8-8B4A-11D0-8D11-00A0C91BC942}") = "Lab7", "Lab7\Lab7.vcxproj", "{8CE60481-1B28-4DDB-8465-2AE9DD2BC270}"
EndProject
Project("{8BC9CEB8-8B4A-11D0-8D11-00A0C91BC942}") = "Task1", "Task1\Task1.vcxproj", "{73FE5CC9-B0C5-4EBB-BF56-7D95230272E1}"
EndProject
Project("{8BC9CEB8-8B4A-11D0-8D11-00A0C91BC942}") = "Task2", "Task2\Task2.vcxproj", "{1E4F2A2F-A3E3-4865-9E97-9695904B6242}"
EndProject
Project("{8BC9CEB8-8B4A-11D0-8D11-00A0C91BC942}") = "Task4", "Task4\Task4.vcxproj", "{F0225406-B42E-41FF-BBA0-C5FF71BFABE1}"
EndProject
Project("{8BC9CEB8-8B4A-11D0-8D11-00A0C91BC942}") = "Task3", "Task3\Task3.vcxproj", "{B3FDA830-8CBD-4782-AAB0-9FAF405F07FD}"
EndProject
Project("{8BC9CEB8-8B4A-11D0-8D11-00A0C91BC942}") = "Task8", "Task8\Task8.vcxproj", "{D2D44CDA-66C0-4A9B-A68E-EFEEF8D29EEF}"
EndProject
Project("{8BC9CEB8-8B4A-11D0-8D11-00A0C91BC942}") = "Task6", "Task6\Task6.vcxproj", "{8969FF82-3DEB-493D-9950-C49FCE9B0BDD}"
EndProject
Project("{8BC9CEB8-8B4A-11D0-8D11-00A0C91BC942}") = "Task9", "Task9\Task9.vcxproj", "{E994AC79-1E1B-48F2-B4A2-F9554BAD4068}"
EndProject
Project("{8BC9CEB8-8B4A-11D0-8D11-00A0C91BC942}") = "Task7", "Task7\Task7.vcxproj", "{D8ED54C5-41A8-4DAD-888F-DC257A4AC695}"
EndProject
Global
	GlobalSection(SolutionConfigurationPlatforms) = preSolution
		Debug|x64 = Debug|x64
		Debug|x86 = Debug|x86
		Release|x64 = Release|x64
		Release|x86 = Release|x86
	EndGlobalSection
	GlobalSection(ProjectConfigurationPlatforms) = postSolution
		{8CE60481-1B28-4DDB-8465-2AE9DD2BC270}.Debug|x64.ActiveCfg = Debug|x64
		{8CE60481-1B28-4DDB-8465-2AE9DD2BC270}.Debug|x64.Build.0 = Debug|x64
		{8CE60481-1B28-4DDB-8465-2AE9DD2BC270}.Debug|x86.ActiveCfg = Debug|Win32
		{8CE60481-1B28-4DDB-8465-2AE9DD2BC270}.Debug|x86.Build.0 = Debug|Win32
		{8CE60481-1B28-4DDB-8465-2AE9DD2BC270}.Release|x64.ActiveCfg = Release|x64
		{8CE60481-1B28-4DDB-8465-2AE9DD2BC270}.Release|x64.Build.0 = Release|x64
		{8CE60481-1B28-4DDB-8465-2AE9DD2BC270}.Release|x86.ActiveCfg = Release|Win32
		{8CE60481-1B28-4DDB-8465-2AE9DD2BC270}.Release|x86.Build.0 = Release|Win32
		{73FE5CC9-B0C5-4EBB-BF56-7D95230272E1}.Debug|x64.ActiveCfg = Debug|x64
		{73FE5CC9-B0C5-4EBB-BF56-7D95230272E1}.Debug|x64.Build.0 = Debug|x64
		{73FE5CC9-B0C5-4EBB-BF56-7D95230272E1}.Debug|x86.ActiveCfg = Debug|Win32
		{73FE5CC9-B0C5-4EBB-BF56-7D95230272E1}.Debug|x86.Build.0 = Debug|Win32
		{73FE5CC9-B0C5-4EBB-BF56-7D95230272E1}.Release|x64.ActiveCfg = Release|x64
		{73FE5CC9-B0C5-4EBB-BF56-7D95230272E1}.Release|x64.Build.0 = Release|x64
		{73FE5CC9-B0C5-4EBB-BF56-7D95230272E1}.Release|x86.ActiveCfg = Release|Win32
		{73FE5CC9-B0C5-4EBB-BF56-7D95230272E1}.Release|x86.Build.0 = Release|Win32
		{1E4F2A2F-A3E3-4865-9E97-9695904B6242}.Debug|x64.ActiveCfg = Debug|x64
		{1E4F2A2F-A3E3-4865-9E97-9695904B6242}.Debug|x64.Build.0 = Debug|x64
		{1E4F2A2F-A3E3-4865-9E97-9695904B6242}.Debug|x86.ActiveCfg = Debug|Win32
		{1E4F2A2F-A3E3-4865-9E97-9695904B6242}.Debug|x86.Build.0 = Debug|Win32
		{1E4F2A2F-A3E3-4865-9E97-9695904B6242}.Release|x64.ActiveCfg = Release|x64
		{1E4F2A2F-A3E3-4865-9E97-9695904B6242}.Release|x64.Build.0 = Release|x64
		{1E4F2A2F-A3E3-4865-9E97-9695904B6242}.Release|x86.ActiveCfg = Release|Win32
		{1E4F2A2F-A3E3-4865-9E97-9695904B6242}.Release|x86.Build.0 = Release|Win32
		{F0225406-B42E-41FF-BBA0-C5FF71BFABE1}.Debug|x64.ActiveCfg = Debug|x64
		{F0225406-B42E-41FF-BBA0-C5FF71BFABE1}.Debug|x64.Build.0 = Debug|x64
		{F0225406-B42E-41FF-BBA0-C5FF71BFABE1}.Debug|x86.ActiveCfg = Debug|Win32
		{F0225406-B42E-41FF-BBA0-C5FF71BFABE1}.Debug|x86.Build.0 = Debug|Win32
		{F0225406-B42E-41FF-BBA0-C5FF71BFABE1}.Release|x64.ActiveCfg = Release|x64
		{F0225406-B42E-41FF-BBA0-C5FF71BFABE1}.Release|x64.Build.0 = Release|x64
		{F0225406-B42E-41FF-BBA0-C5FF71BFABE1}.Release|x86.ActiveCfg = Release|Win32
		{F0225406-B42E-41FF-BBA0-C5FF71BFABE1}.Release|x86.Build.0 = Release|Win32
		{B3FDA830-8CBD-4782-AAB0-9FAF405F07FD}.Debug|x64.ActiveCfg = Debug|x64
		{B3FDA830-8CBD-4782-AAB0-9FAF405F07FD}.Debug|x64.Build.0 = Debug|x64
		{B3FDA830-8CBD-4782-AAB0-9FAF405F07FD}.Debug|x86.ActiveCfg = Debug|Win32
		{B3FDA830-8CBD-4782-AAB0-9FAF405F07FD}.Debug|x86.Build.0 = Debug|Win32
		{B3FDA830-8CBD-4782-AAB0-9FAF405F07FD}.Release|x64.ActiveCfg = Release|x64
		{B3FDA830-8CBD-4782-AAB0-9FAF405F07FD}.Release|x64.Build.0 = Release|x64
		{B3FDA830-8CBD-4782-AAB0-9FAF405F07FD}.Release|x86.ActiveCfg = Release|Win32
		{B3FDA830-8CBD-4782-AAB0-9FAF405F07FD}.Release|x86.Build.0 = Release|Win32
		{D2D44CDA-66C0-4A9B-A68E-EFEEF8D29EEF}.Debug|x64.ActiveCfg = Debug|x64
		{D2D44CDA-66C0-4A9B-A68E-EFEEF8D29EEF}.Debug|x64.Build.0 = Debug|x64
		{D2D44CDA-66C0-4A9B-A68E-EFEEF8D29EEF}.Debug|x86.ActiveCfg = Debug|Win32
		{D2D44CDA-66C0-4A9B-A68E-EFEEF8D29EEF}.Debug|x86.Build.0 = Debug|Win32
		{D2D44CDA-66C0-4A9B-A68E-EFEEF8D29EEF}.Release|x64.ActiveCfg = Release|x64
		{D2D44CDA-66C0-4A9B-A68E-EFEEF8D29EEF}.Release|x64.Build.0 = Release|x64
		{D2D44CDA-66C0-4A9B-A68E-EFEEF8D29EEF}.Release|x86.ActiveCfg = Release|Win32
		{D2D44CDA-66C0-4A9B-A68E-EFEEF8D29EEF}.Release|x86.Build.0 = Release|Win32
		{8969FF82-3DEB-493D-9950-C49FCE9B0BDD}.Debug|x64.ActiveCfg = Debug|x64
		{8969FF82-3DEB-493D-9950-C49FCE9B0BDD}.Debug|x64.Build.0 = Debug|x64
		{8969FF82-3DEB-493D-9950-C49FCE9B0BDD}.Debug|x86.ActiveCfg = Debug|Win32
		{8969FF82-3DEB-493D-9950-C49FCE9B0BDD}.Debug|x86.Build.0 = Debug|Win32
		{8969FF82-3DEB-493D-9950-C49FCE9B0BDD}.Release|x64.ActiveCfg = Release|x64
		{8969FF82-3DEB-493D-9950-C49FCE9B0BDD}.Release|x64.Build.0 = Release|x64
		{8969FF82-3DEB-493D-9950-C49FCE9B0BDD}.Release|x86.ActiveCfg = Release|Win32
		{8969FF82-3DEB-493D-9950-C49FCE9B0BDD}.Release|x86.Build.0 = Release|Win32
		{E994AC79-1E1B-48F2-B4A2-F9554BAD4068}.Debug|x64.ActiveCfg = Debug|x64
		{E994AC79-1E1B-48F2-B4A2-F9554BAD4068}.Debug|x64.Build.0 = Debug|x64
		{E994AC79-1E1B-48F2-B4A2-F9554BAD4068}.Debug|x86.ActiveCfg = Debug|Win32
		{E994AC79-1E1B-48F2-B4A2-F9554BAD4068}.Debug|x86.Build.0 = Debug|Win32
		{E994AC79-1E1B-48F2-B4A2-F9554BAD4068}.Release|x64.ActiveCfg = Release|x64
		{E994AC79-1E1B-48F2-B4A2-F9554BAD4068}.Release|x64.Build.0 = Release|x64
		{E994AC79-1E1B-48F2-B4A2-F9554BAD4068}.Release|x86.ActiveCfg = Release|Win32
		{E994AC79-1E1B-48F2-B4A2-F9554BAD4068}.Release|x86.Build.0 = Release|Win32
		{D8ED54C5-41A8-4DAD-888F-DC257A4AC695}.Debug|x64.ActiveCfg = Debug|x64
		{D8ED54C5-41A8-4DAD-888F-DC257A4AC695}.Debug|x64.Build.0 = Debug|x64
		{D8ED54C5-41A8-4DAD-888F-DC257A4AC695}.Debug|x86.ActiveCfg = Debug|Win32
		{D8ED54C5-41A8-4DAD-888F-DC257A4AC695}.Debug|x86.Build.0 = Debug|Win32
		{D8ED54C5-41A8-4DAD-888F-DC257A4AC695}.Release|x64.ActiveCfg = Release|x64
		{D8ED54C5-41A8-4DAD-888F-DC257A4AC695}.Release|x64.Build.0 = Release|x64
		{D8ED54C5-41A8-4DAD-888F-DC257A4AC695}.Release|x86.ActiveCfg = Release|Win32
		{D8ED54C5-41A8-4DAD-888F-DC257A4AC695}.Release|x86.Build.0 = Release|Win32
	EndGlobalSection
	GlobalSection(SolutionProperties) = preSolution
		HideSolutionNode = FALSE
	EndGlobalSection
	GlobalSection(ExtensibilityGlobals) = postSolution
		SolutionGuid = {A77A176C-3A0C-4CE9-AB86-ADE5BF3E370F}
	EndGlobalSection
EndGlobal
