
Microsoft Visual Studio Solution File, Format Version 12.00
# Visual Studio Version 17
VisualStudioVersion = 17.3.32811.315
MinimumVisualStudioVersion = 10.0.40219.1
Project("{8BC9CEB8-8B4A-11D0-8D11-00A0C91BC942}") = "Lab5", "Lab5\Lab5.vcxproj", "{EC2C3A2B-BC90-4FCE-9828-E2E4265641F4}"
EndProject
Project("{8BC9CEB8-8B4A-11D0-8D11-00A0C91BC942}") = "Task1", "..\Task1\Task1\Task1.vcxproj", "{8C94794F-82EB-4C9C-8F53-814766054864}"
EndProject
Project("{8BC9CEB8-8B4A-11D0-8D11-00A0C91BC942}") = "Task2", "Task2\Task2.vcxproj", "{20832084-C8A2-49FE-B989-B7464E1DA98B}"
EndProject
Project("{8BC9CEB8-8B4A-11D0-8D11-00A0C91BC942}") = "Task3", "Task3\Task3.vcxproj", "{FCC7408F-F2D5-4F52-98A2-AA97E56BA15C}"
EndProject
Project("{8BC9CEB8-8B4A-11D0-8D11-00A0C91BC942}") = "Lab5UnitTesting", "Lab5UnitTesting\Lab5UnitTesting.vcxproj", "{865A62B0-006F-413F-9D99-BB65D6376D1A}"
EndProject
Project("{8BC9CEB8-8B4A-11D0-8D11-00A0C91BC942}") = "Task4", "Task4\Task4.vcxproj", "{16E8DBFE-270E-4907-9DF4-9AA2BC26340E}"
EndProject
Project("{8BC9CEB8-8B4A-11D0-8D11-00A0C91BC942}") = "Task5", "Task5\Task5.vcxproj", "{6D58A363-5F13-4571-AD6A-D4332B50BBE6}"
EndProject
Project("{8BC9CEB8-8B4A-11D0-8D11-00A0C91BC942}") = "Task6", "Task6\Task6.vcxproj", "{43615F22-2FCD-4250-822E-5D920A599138}"
EndProject
Project("{8BC9CEB8-8B4A-11D0-8D11-00A0C91BC942}") = "Task7", "Task7\Task7.vcxproj", "{98613E14-0D6F-49B2-A5C5-84AB848E4FD1}"
EndProject
Project("{8BC9CEB8-8B4A-11D0-8D11-00A0C91BC942}") = "Task8", "Task8\Task8.vcxproj", "{21626FA9-821B-4448-8A31-E792FDE45D48}"
EndProject
Project("{8BC9CEB8-8B4A-11D0-8D11-00A0C91BC942}") = "Task3GTest", "Task3GTest\Task3GTest.vcxproj", "{15C36AD7-1F57-4B2A-9769-F4A4AD882BDE}"
EndProject
Global
	GlobalSection(SolutionConfigurationPlatforms) = preSolution
		Debug|x64 = Debug|x64
		Debug|x86 = Debug|x86
		Release|x64 = Release|x64
		Release|x86 = Release|x86
	EndGlobalSection
	GlobalSection(ProjectConfigurationPlatforms) = postSolution
		{EC2C3A2B-BC90-4FCE-9828-E2E4265641F4}.Debug|x64.ActiveCfg = Debug|x64
		{EC2C3A2B-BC90-4FCE-9828-E2E4265641F4}.Debug|x64.Build.0 = Debug|x64
		{EC2C3A2B-BC90-4FCE-9828-E2E4265641F4}.Debug|x86.ActiveCfg = Debug|Win32
		{EC2C3A2B-BC90-4FCE-9828-E2E4265641F4}.Debug|x86.Build.0 = Debug|Win32
		{EC2C3A2B-BC90-4FCE-9828-E2E4265641F4}.Release|x64.ActiveCfg = Release|x64
		{EC2C3A2B-BC90-4FCE-9828-E2E4265641F4}.Release|x64.Build.0 = Release|x64
		{EC2C3A2B-BC90-4FCE-9828-E2E4265641F4}.Release|x86.ActiveCfg = Release|Win32
		{EC2C3A2B-BC90-4FCE-9828-E2E4265641F4}.Release|x86.Build.0 = Release|Win32
		{8C94794F-82EB-4C9C-8F53-814766054864}.Debug|x64.ActiveCfg = Debug|x64
		{8C94794F-82EB-4C9C-8F53-814766054864}.Debug|x64.Build.0 = Debug|x64
		{8C94794F-82EB-4C9C-8F53-814766054864}.Debug|x86.ActiveCfg = Debug|Win32
		{8C94794F-82EB-4C9C-8F53-814766054864}.Debug|x86.Build.0 = Debug|Win32
		{8C94794F-82EB-4C9C-8F53-814766054864}.Release|x64.ActiveCfg = Release|x64
		{8C94794F-82EB-4C9C-8F53-814766054864}.Release|x64.Build.0 = Release|x64
		{8C94794F-82EB-4C9C-8F53-814766054864}.Release|x86.ActiveCfg = Release|Win32
		{8C94794F-82EB-4C9C-8F53-814766054864}.Release|x86.Build.0 = Release|Win32
		{20832084-C8A2-49FE-B989-B7464E1DA98B}.Debug|x64.ActiveCfg = Debug|x64
		{20832084-C8A2-49FE-B989-B7464E1DA98B}.Debug|x64.Build.0 = Debug|x64
		{20832084-C8A2-49FE-B989-B7464E1DA98B}.Debug|x86.ActiveCfg = Debug|Win32
		{20832084-C8A2-49FE-B989-B7464E1DA98B}.Debug|x86.Build.0 = Debug|Win32
		{20832084-C8A2-49FE-B989-B7464E1DA98B}.Release|x64.ActiveCfg = Release|x64
		{20832084-C8A2-49FE-B989-B7464E1DA98B}.Release|x64.Build.0 = Release|x64
		{20832084-C8A2-49FE-B989-B7464E1DA98B}.Release|x86.ActiveCfg = Release|Win32
		{20832084-C8A2-49FE-B989-B7464E1DA98B}.Release|x86.Build.0 = Release|Win32
		{FCC7408F-F2D5-4F52-98A2-AA97E56BA15C}.Debug|x64.ActiveCfg = Debug|x64
		{FCC7408F-F2D5-4F52-98A2-AA97E56BA15C}.Debug|x64.Build.0 = Debug|x64
		{FCC7408F-F2D5-4F52-98A2-AA97E56BA15C}.Debug|x86.ActiveCfg = Debug|Win32
		{FCC7408F-F2D5-4F52-98A2-AA97E56BA15C}.Debug|x86.Build.0 = Debug|Win32
		{FCC7408F-F2D5-4F52-98A2-AA97E56BA15C}.Release|x64.ActiveCfg = Release|x64
		{FCC7408F-F2D5-4F52-98A2-AA97E56BA15C}.Release|x64.Build.0 = Release|x64
		{FCC7408F-F2D5-4F52-98A2-AA97E56BA15C}.Release|x86.ActiveCfg = Release|Win32
		{FCC7408F-F2D5-4F52-98A2-AA97E56BA15C}.Release|x86.Build.0 = Release|Win32
		{865A62B0-006F-413F-9D99-BB65D6376D1A}.Debug|x64.ActiveCfg = Debug|x64
		{865A62B0-006F-413F-9D99-BB65D6376D1A}.Debug|x64.Build.0 = Debug|x64
		{865A62B0-006F-413F-9D99-BB65D6376D1A}.Debug|x86.ActiveCfg = Debug|Win32
		{865A62B0-006F-413F-9D99-BB65D6376D1A}.Debug|x86.Build.0 = Debug|Win32
		{865A62B0-006F-413F-9D99-BB65D6376D1A}.Release|x64.ActiveCfg = Release|x64
		{865A62B0-006F-413F-9D99-BB65D6376D1A}.Release|x64.Build.0 = Release|x64
		{865A62B0-006F-413F-9D99-BB65D6376D1A}.Release|x86.ActiveCfg = Release|Win32
		{865A62B0-006F-413F-9D99-BB65D6376D1A}.Release|x86.Build.0 = Release|Win32
		{16E8DBFE-270E-4907-9DF4-9AA2BC26340E}.Debug|x64.ActiveCfg = Debug|x64
		{16E8DBFE-270E-4907-9DF4-9AA2BC26340E}.Debug|x64.Build.0 = Debug|x64
		{16E8DBFE-270E-4907-9DF4-9AA2BC26340E}.Debug|x86.ActiveCfg = Debug|Win32
		{16E8DBFE-270E-4907-9DF4-9AA2BC26340E}.Debug|x86.Build.0 = Debug|Win32
		{16E8DBFE-270E-4907-9DF4-9AA2BC26340E}.Release|x64.ActiveCfg = Release|x64
		{16E8DBFE-270E-4907-9DF4-9AA2BC26340E}.Release|x64.Build.0 = Release|x64
		{16E8DBFE-270E-4907-9DF4-9AA2BC26340E}.Release|x86.ActiveCfg = Release|Win32
		{16E8DBFE-270E-4907-9DF4-9AA2BC26340E}.Release|x86.Build.0 = Release|Win32
		{6D58A363-5F13-4571-AD6A-D4332B50BBE6}.Debug|x64.ActiveCfg = Debug|x64
		{6D58A363-5F13-4571-AD6A-D4332B50BBE6}.Debug|x64.Build.0 = Debug|x64
		{6D58A363-5F13-4571-AD6A-D4332B50BBE6}.Debug|x86.ActiveCfg = Debug|Win32
		{6D58A363-5F13-4571-AD6A-D4332B50BBE6}.Debug|x86.Build.0 = Debug|Win32
		{6D58A363-5F13-4571-AD6A-D4332B50BBE6}.Release|x64.ActiveCfg = Release|x64
		{6D58A363-5F13-4571-AD6A-D4332B50BBE6}.Release|x64.Build.0 = Release|x64
		{6D58A363-5F13-4571-AD6A-D4332B50BBE6}.Release|x86.ActiveCfg = Release|Win32
		{6D58A363-5F13-4571-AD6A-D4332B50BBE6}.Release|x86.Build.0 = Release|Win32
		{43615F22-2FCD-4250-822E-5D920A599138}.Debug|x64.ActiveCfg = Debug|x64
		{43615F22-2FCD-4250-822E-5D920A599138}.Debug|x64.Build.0 = Debug|x64
		{43615F22-2FCD-4250-822E-5D920A599138}.Debug|x86.ActiveCfg = Debug|Win32
		{43615F22-2FCD-4250-822E-5D920A599138}.Debug|x86.Build.0 = Debug|Win32
		{43615F22-2FCD-4250-822E-5D920A599138}.Release|x64.ActiveCfg = Release|x64
		{43615F22-2FCD-4250-822E-5D920A599138}.Release|x64.Build.0 = Release|x64
		{43615F22-2FCD-4250-822E-5D920A599138}.Release|x86.ActiveCfg = Release|Win32
		{43615F22-2FCD-4250-822E-5D920A599138}.Release|x86.Build.0 = Release|Win32
		{98613E14-0D6F-49B2-A5C5-84AB848E4FD1}.Debug|x64.ActiveCfg = Debug|x64
		{98613E14-0D6F-49B2-A5C5-84AB848E4FD1}.Debug|x64.Build.0 = Debug|x64
		{98613E14-0D6F-49B2-A5C5-84AB848E4FD1}.Debug|x86.ActiveCfg = Debug|Win32
		{98613E14-0D6F-49B2-A5C5-84AB848E4FD1}.Debug|x86.Build.0 = Debug|Win32
		{98613E14-0D6F-49B2-A5C5-84AB848E4FD1}.Release|x64.ActiveCfg = Release|x64
		{98613E14-0D6F-49B2-A5C5-84AB848E4FD1}.Release|x64.Build.0 = Release|x64
		{98613E14-0D6F-49B2-A5C5-84AB848E4FD1}.Release|x86.ActiveCfg = Release|Win32
		{98613E14-0D6F-49B2-A5C5-84AB848E4FD1}.Release|x86.Build.0 = Release|Win32
		{21626FA9-821B-4448-8A31-E792FDE45D48}.Debug|x64.ActiveCfg = Debug|x64
		{21626FA9-821B-4448-8A31-E792FDE45D48}.Debug|x64.Build.0 = Debug|x64
		{21626FA9-821B-4448-8A31-E792FDE45D48}.Debug|x86.ActiveCfg = Debug|Win32
		{21626FA9-821B-4448-8A31-E792FDE45D48}.Debug|x86.Build.0 = Debug|Win32
		{21626FA9-821B-4448-8A31-E792FDE45D48}.Release|x64.ActiveCfg = Release|x64
		{21626FA9-821B-4448-8A31-E792FDE45D48}.Release|x64.Build.0 = Release|x64
		{21626FA9-821B-4448-8A31-E792FDE45D48}.Release|x86.ActiveCfg = Release|Win32
		{21626FA9-821B-4448-8A31-E792FDE45D48}.Release|x86.Build.0 = Release|Win32
		{15C36AD7-1F57-4B2A-9769-F4A4AD882BDE}.Debug|x64.ActiveCfg = Debug|x64
		{15C36AD7-1F57-4B2A-9769-F4A4AD882BDE}.Debug|x64.Build.0 = Debug|x64
		{15C36AD7-1F57-4B2A-9769-F4A4AD882BDE}.Debug|x86.ActiveCfg = Debug|Win32
		{15C36AD7-1F57-4B2A-9769-F4A4AD882BDE}.Debug|x86.Build.0 = Debug|Win32
		{15C36AD7-1F57-4B2A-9769-F4A4AD882BDE}.Release|x64.ActiveCfg = Release|x64
		{15C36AD7-1F57-4B2A-9769-F4A4AD882BDE}.Release|x64.Build.0 = Release|x64
		{15C36AD7-1F57-4B2A-9769-F4A4AD882BDE}.Release|x86.ActiveCfg = Release|Win32
		{15C36AD7-1F57-4B2A-9769-F4A4AD882BDE}.Release|x86.Build.0 = Release|Win32
	EndGlobalSection
	GlobalSection(SolutionProperties) = preSolution
		HideSolutionNode = FALSE
	EndGlobalSection
	GlobalSection(ExtensibilityGlobals) = postSolution
		SolutionGuid = {737FEAF8-880B-4828-ABAC-BC1E572BDDB9}
	EndGlobalSection
EndGlobal
