
Microsoft Visual Studio Solution File, Format Version 12.00
# Visual Studio Version 17
VisualStudioVersion = 17.4.33110.190
MinimumVisualStudioVersion = 10.0.40219.1
Project("{8BC9CEB8-8B4A-11D0-8D11-00A0C91BC942}") = "Lab6UnitTesting", "Lab6UnitTesting\Lab6UnitTesting.vcxproj", "{7829CDDD-C911-4DDC-8E84-736EBA090036}"
EndProject
Global
	GlobalSection(SolutionConfigurationPlatforms) = preSolution
		Debug|x64 = Debug|x64
		Debug|x86 = Debug|x86
		Release|x64 = Release|x64
		Release|x86 = Release|x86
	EndGlobalSection
	GlobalSection(ProjectConfigurationPlatforms) = postSolution
		{7829CDDD-C911-4DDC-8E84-736EBA090036}.Debug|x64.ActiveCfg = Debug|x64
		{7829CDDD-C911-4DDC-8E84-736EBA090036}.Debug|x64.Build.0 = Debug|x64
		{7829CDDD-C911-4DDC-8E84-736EBA090036}.Debug|x86.ActiveCfg = Debug|Win32
		{7829CDDD-C911-4DDC-8E84-736EBA090036}.Debug|x86.Build.0 = Debug|Win32
		{7829CDDD-C911-4DDC-8E84-736EBA090036}.Release|x64.ActiveCfg = Release|x64
		{7829CDDD-C911-4DDC-8E84-736EBA090036}.Release|x64.Build.0 = Release|x64
		{7829CDDD-C911-4DDC-8E84-736EBA090036}.Release|x86.ActiveCfg = Release|Win32
		{7829CDDD-C911-4DDC-8E84-736EBA090036}.Release|x86.Build.0 = Release|Win32
	EndGlobalSection
	GlobalSection(SolutionProperties) = preSolution
		HideSolutionNode = FALSE
	EndGlobalSection
	GlobalSection(ExtensibilityGlobals) = postSolution
		SolutionGuid = {754163BE-CFFA-459B-82EB-CA722656CDDF}
	EndGlobalSection
EndGlobal
