
Microsoft Visual Studio Solution File, Format Version 12.00
# Visual Studio Version 17
VisualStudioVersion = 17.8.34316.72
MinimumVisualStudioVersion = 10.0.40219.1
Project("{9A19103F-16F7-4668-BE54-9A1E7A4F7556}") = "253504_Lianha_18", "CalculatorApp\253504_Lianha_18.csproj", "{6128027C-90FD-43D8-92B2-7FECC6F6A5DA}"
EndProject
Global
	GlobalSection(SolutionConfigurationPlatforms) = preSolution
		Debug|Any CPU = Debug|Any CPU
		Release|Any CPU = Release|Any CPU
	EndGlobalSection
	GlobalSection(ProjectConfigurationPlatforms) = postSolution
		{6128027C-90FD-43D8-92B2-7FECC6F6A5DA}.Debug|Any CPU.ActiveCfg = Debug|Any CPU
		{6128027C-90FD-43D8-92B2-7FECC6F6A5DA}.Debug|Any CPU.Build.0 = Debug|Any CPU
		{6128027C-90FD-43D8-92B2-7FECC6F6A5DA}.Debug|Any CPU.Deploy.0 = Debug|Any CPU
		{6128027C-90FD-43D8-92B2-7FECC6F6A5DA}.Release|Any CPU.ActiveCfg = Release|Any CPU
		{6128027C-90FD-43D8-92B2-7FECC6F6A5DA}.Release|Any CPU.Build.0 = Release|Any CPU
		{6128027C-90FD-43D8-92B2-7FECC6F6A5DA}.Release|Any CPU.Deploy.0 = Release|Any CPU
	EndGlobalSection
	GlobalSection(SolutionProperties) = preSolution
		HideSolutionNode = FALSE
	EndGlobalSection
	GlobalSection(ExtensibilityGlobals) = postSolution
		SolutionGuid = {4576A129-09FA-45AF-BCED-51BE80B29F0A}
	EndGlobalSection
EndGlobal
