
Microsoft Visual Studio Solution File, Format Version 12.00
# Visual Studio Version 17
VisualStudioVersion = 17.3.32811.315
MinimumVisualStudioVersion = 10.0.40219.1
Project("{8BC9CEB8-8B4A-11D0-8D11-00A0C91BC942}") = "algolib", "algolib\algolib.vcxproj", "{55B95014-3F5D-4BD3-81B0-EB6841EBFE45}"
EndProject
Project("{2150E333-8FDC-42A3-9474-1A3956D46DE8}") = "Элементы решения", "Элементы решения", "{6E84DB89-5FA5-4805-9FA5-DFEC72AA07B7}"
EndProject
Global
	GlobalSection(SolutionConfigurationPlatforms) = preSolution
		Debug|x64 = Debug|x64
		Debug|x86 = Debug|x86
		Release|x64 = Release|x64
		Release|x86 = Release|x86
	EndGlobalSection
	GlobalSection(ProjectConfigurationPlatforms) = postSolution
		{55B95014-3F5D-4BD3-81B0-EB6841EBFE45}.Debug|x64.ActiveCfg = Debug|Win32
		{55B95014-3F5D-4BD3-81B0-EB6841EBFE45}.Debug|x64.Build.0 = Debug|Win32
		{55B95014-3F5D-4BD3-81B0-EB6841EBFE45}.Debug|x86.ActiveCfg = Debug|Win32
		{55B95014-3F5D-4BD3-81B0-EB6841EBFE45}.Debug|x86.Build.0 = Debug|Win32
		{55B95014-3F5D-4BD3-81B0-EB6841EBFE45}.Release|x64.ActiveCfg = Release|x64
		{55B95014-3F5D-4BD3-81B0-EB6841EBFE45}.Release|x64.Build.0 = Release|x64
		{55B95014-3F5D-4BD3-81B0-EB6841EBFE45}.Release|x86.ActiveCfg = Release|Win32
		{55B95014-3F5D-4BD3-81B0-EB6841EBFE45}.Release|x86.Build.0 = Release|Win32
	EndGlobalSection
	GlobalSection(SolutionProperties) = preSolution
		HideSolutionNode = FALSE
	EndGlobalSection
	GlobalSection(ExtensibilityGlobals) = postSolution
		SolutionGuid = {61237026-8D12-4595-AB49-93C53FF140FF}
	EndGlobalSection
EndGlobal
