
Microsoft Visual Studio Solution File, Format Version 12.00
# Visual Studio Version 17
VisualStudioVersion = 17.4.33110.190
MinimumVisualStudioVersion = 10.0.40219.1
Project("{FAE04EC0-301F-11D3-BF4B-00C04F79EFBC}") = "Lab2", "Lab2\Lab2.csproj", "{71EA052F-8E4F-4E68-B76A-00B6E80AB708}"
EndProject
Global
	GlobalSection(SolutionConfigurationPlatforms) = preSolution
		Debug|Any CPU = Debug|Any CPU
		Release|Any CPU = Release|Any CPU
	EndGlobalSection
	GlobalSection(ProjectConfigurationPlatforms) = postSolution
		{71EA052F-8E4F-4E68-B76A-00B6E80AB708}.Debug|Any CPU.ActiveCfg = Debug|Any CPU
		{71EA052F-8E4F-4E68-B76A-00B6E80AB708}.Debug|Any CPU.Build.0 = Debug|Any CPU
		{71EA052F-8E4F-4E68-B76A-00B6E80AB708}.Release|Any CPU.ActiveCfg = Release|Any CPU
		{71EA052F-8E4F-4E68-B76A-00B6E80AB708}.Release|Any CPU.Build.0 = Release|Any CPU
	EndGlobalSection
	GlobalSection(SolutionProperties) = preSolution
		HideSolutionNode = FALSE
	EndGlobalSection
	GlobalSection(ExtensibilityGlobals) = postSolution
		SolutionGuid = {FDFF097A-53E0-4664-AC9F-C5D7972A6844}
	EndGlobalSection
EndGlobal
