
Microsoft Visual Studio Solution File, Format Version 12.00
# Visual Studio Version 17
VisualStudioVersion = 17.4.33110.190
MinimumVisualStudioVersion = 10.0.40219.1
Project("{FAE04EC0-301F-11D3-BF4B-00C04F79EFBC}") = "253504_Lianha_Lab1", "253504_Lianha_Lab1\253504_Lianha_Lab1.csproj", "{A03B5BCC-0718-491E-A4C6-D4721707A8A5}"
EndProject
Global
	GlobalSection(SolutionConfigurationPlatforms) = preSolution
		Debug|Any CPU = Debug|Any CPU
		Release|Any CPU = Release|Any CPU
	EndGlobalSection
	GlobalSection(ProjectConfigurationPlatforms) = postSolution
		{A03B5BCC-0718-491E-A4C6-D4721707A8A5}.Debug|Any CPU.ActiveCfg = Debug|Any CPU
		{A03B5BCC-0718-491E-A4C6-D4721707A8A5}.Debug|Any CPU.Build.0 = Debug|Any CPU
		{A03B5BCC-0718-491E-A4C6-D4721707A8A5}.Release|Any CPU.ActiveCfg = Release|Any CPU
		{A03B5BCC-0718-491E-A4C6-D4721707A8A5}.Release|Any CPU.Build.0 = Release|Any CPU
	EndGlobalSection
	GlobalSection(SolutionProperties) = preSolution
		HideSolutionNode = FALSE
	EndGlobalSection
	GlobalSection(ExtensibilityGlobals) = postSolution
		SolutionGuid = {CB9EC8DC-5EB3-4C2E-B586-AC1643A9CA4F}
	EndGlobalSection
EndGlobal
